
Microsoft Visual Studio Solution File, Format Version 12.00
# Visual Studio 14
VisualStudioVersion = 14.0.25420.1
MinimumVisualStudioVersion = 10.0.40219.1
Project("{FAE04EC0-301F-11D3-BF4B-00C04F79EFBC}") = "FarmerJob.Crawler", "FarmerJob.Crawler\FarmerJob.Crawler.csproj", "{4748D60F-B7A2-49FF-B6A4-428ADCE3CE13}"
EndProject
Project("{FAE04EC0-301F-11D3-BF4B-00C04F79EFBC}") = "FarmerJob.Crawler.Console", "FarmerJob.Crawler.Console\FarmerJob.Crawler.Console.csproj", "{A829FD16-7A58-4EFC-8510-40001FCCEC9C}"
EndProject
Project("{2150E333-8FDC-42A3-9474-1A3956D46DE8}") = "BestJobs", "BestJobs", "{1FF0EFF8-8A06-407F-832B-7BAF89538B9B}"
EndProject
Project("{2150E333-8FDC-42A3-9474-1A3956D46DE8}") = "MyNimo", "MyNimo", "{9381F8C0-856F-4711-A987-2B2BB0CDCB88}"
EndProject
Project("{FAE04EC0-301F-11D3-BF4B-00C04F79EFBC}") = "FarmerJob.BJ.Console", "FarmerJob.BJ.Console\FarmerJob.BJ.Console.csproj", "{3C580B35-18AB-443B-9397-B3D585947C20}"
EndProject
Project("{FAE04EC0-301F-11D3-BF4B-00C04F79EFBC}") = "FamerJob.BJ.Crawler", "FamerJob.BJ.Crawler\FamerJob.BJ.Crawler.csproj", "{8C6F2BB1-EE90-42B2-A0FB-FE68E1967C3B}"
EndProject
Project("{2150E333-8FDC-42A3-9474-1A3956D46DE8}") = "JobStreet", "JobStreet", "{0D4F4145-1CBD-4603-935D-B3D8186F99B9}"
EndProject
Project("{FAE04EC0-301F-11D3-BF4B-00C04F79EFBC}") = "FarmerJob.JS.Console", "FarmerJob.JS.Console\FarmerJob.JS.Console.csproj", "{EAD30A81-F41E-4C83-B953-DF8FF8DA1381}"
EndProject
Project("{FAE04EC0-301F-11D3-BF4B-00C04F79EFBC}") = "FarmerJob.JS.Crawler", "FarmerJob.JS.Crawler\FarmerJob.JS.Crawler.csproj", "{1AEA54FA-8ECB-4D39-97E9-286E5E482170}"
EndProject
Global
	GlobalSection(SolutionConfigurationPlatforms) = preSolution
		Debug|Any CPU = Debug|Any CPU
		Release|Any CPU = Release|Any CPU
	EndGlobalSection
	GlobalSection(ProjectConfigurationPlatforms) = postSolution
		{4748D60F-B7A2-49FF-B6A4-428ADCE3CE13}.Debug|Any CPU.ActiveCfg = Debug|Any CPU
		{4748D60F-B7A2-49FF-B6A4-428ADCE3CE13}.Debug|Any CPU.Build.0 = Debug|Any CPU
		{4748D60F-B7A2-49FF-B6A4-428ADCE3CE13}.Release|Any CPU.ActiveCfg = Release|Any CPU
		{4748D60F-B7A2-49FF-B6A4-428ADCE3CE13}.Release|Any CPU.Build.0 = Release|Any CPU
		{A829FD16-7A58-4EFC-8510-40001FCCEC9C}.Debug|Any CPU.ActiveCfg = Debug|Any CPU
		{A829FD16-7A58-4EFC-8510-40001FCCEC9C}.Debug|Any CPU.Build.0 = Debug|Any CPU
		{A829FD16-7A58-4EFC-8510-40001FCCEC9C}.Release|Any CPU.ActiveCfg = Release|Any CPU
		{A829FD16-7A58-4EFC-8510-40001FCCEC9C}.Release|Any CPU.Build.0 = Release|Any CPU
		{3C580B35-18AB-443B-9397-B3D585947C20}.Debug|Any CPU.ActiveCfg = Debug|Any CPU
		{3C580B35-18AB-443B-9397-B3D585947C20}.Debug|Any CPU.Build.0 = Debug|Any CPU
		{3C580B35-18AB-443B-9397-B3D585947C20}.Release|Any CPU.ActiveCfg = Release|Any CPU
		{3C580B35-18AB-443B-9397-B3D585947C20}.Release|Any CPU.Build.0 = Release|Any CPU
		{8C6F2BB1-EE90-42B2-A0FB-FE68E1967C3B}.Debug|Any CPU.ActiveCfg = Debug|Any CPU
		{8C6F2BB1-EE90-42B2-A0FB-FE68E1967C3B}.Debug|Any CPU.Build.0 = Debug|Any CPU
		{8C6F2BB1-EE90-42B2-A0FB-FE68E1967C3B}.Release|Any CPU.ActiveCfg = Release|Any CPU
		{8C6F2BB1-EE90-42B2-A0FB-FE68E1967C3B}.Release|Any CPU.Build.0 = Release|Any CPU
		{EAD30A81-F41E-4C83-B953-DF8FF8DA1381}.Debug|Any CPU.ActiveCfg = Debug|Any CPU
		{EAD30A81-F41E-4C83-B953-DF8FF8DA1381}.Debug|Any CPU.Build.0 = Debug|Any CPU
		{EAD30A81-F41E-4C83-B953-DF8FF8DA1381}.Release|Any CPU.ActiveCfg = Release|Any CPU
		{EAD30A81-F41E-4C83-B953-DF8FF8DA1381}.Release|Any CPU.Build.0 = Release|Any CPU
		{1AEA54FA-8ECB-4D39-97E9-286E5E482170}.Debug|Any CPU.ActiveCfg = Debug|Any CPU
		{1AEA54FA-8ECB-4D39-97E9-286E5E482170}.Debug|Any CPU.Build.0 = Debug|Any CPU
		{1AEA54FA-8ECB-4D39-97E9-286E5E482170}.Release|Any CPU.ActiveCfg = Release|Any CPU
		{1AEA54FA-8ECB-4D39-97E9-286E5E482170}.Release|Any CPU.Build.0 = Release|Any CPU
	EndGlobalSection
	GlobalSection(SolutionProperties) = preSolution
		HideSolutionNode = FALSE
	EndGlobalSection
	GlobalSection(NestedProjects) = preSolution
		{4748D60F-B7A2-49FF-B6A4-428ADCE3CE13} = {9381F8C0-856F-4711-A987-2B2BB0CDCB88}
		{A829FD16-7A58-4EFC-8510-40001FCCEC9C} = {9381F8C0-856F-4711-A987-2B2BB0CDCB88}
		{3C580B35-18AB-443B-9397-B3D585947C20} = {1FF0EFF8-8A06-407F-832B-7BAF89538B9B}
		{8C6F2BB1-EE90-42B2-A0FB-FE68E1967C3B} = {1FF0EFF8-8A06-407F-832B-7BAF89538B9B}
		{EAD30A81-F41E-4C83-B953-DF8FF8DA1381} = {0D4F4145-1CBD-4603-935D-B3D8186F99B9}
		{1AEA54FA-8ECB-4D39-97E9-286E5E482170} = {0D4F4145-1CBD-4603-935D-B3D8186F99B9}
	EndGlobalSection
EndGlobal
