
Microsoft Visual Studio Solution File, Format Version 12.00
# Visual Studio 14
VisualStudioVersion = 14.0.25420.1
MinimumVisualStudioVersion = 10.0.40219.1
Project("{FAE04EC0-301F-11D3-BF4B-00C04F79EFBC}") = "FarmerJob.Crawler", "FarmerJob.Crawler\FarmerJob.Crawler.csproj", "{4748D60F-B7A2-49FF-B6A4-428ADCE3CE13}"
EndProject
Project("{FAE04EC0-301F-11D3-BF4B-00C04F79EFBC}") = "FarmerJob.Crawler.Console", "FarmerJob.Crawler.Console\FarmerJob.Crawler.Console.csproj", "{A829FD16-7A58-4EFC-8510-40001FCCEC9C}"
EndProject
Global
	GlobalSection(SolutionConfigurationPlatforms) = preSolution
		Debug|Any CPU = Debug|Any CPU
		Release|Any CPU = Release|Any CPU
	EndGlobalSection
	GlobalSection(ProjectConfigurationPlatforms) = postSolution
		{4748D60F-B7A2-49FF-B6A4-428ADCE3CE13}.Debug|Any CPU.ActiveCfg = Debug|Any CPU
		{4748D60F-B7A2-49FF-B6A4-428ADCE3CE13}.Debug|Any CPU.Build.0 = Debug|Any CPU
		{4748D60F-B7A2-49FF-B6A4-428ADCE3CE13}.Release|Any CPU.ActiveCfg = Release|Any CPU
		{4748D60F-B7A2-49FF-B6A4-428ADCE3CE13}.Release|Any CPU.Build.0 = Release|Any CPU
		{A829FD16-7A58-4EFC-8510-40001FCCEC9C}.Debug|Any CPU.ActiveCfg = Debug|Any CPU
		{A829FD16-7A58-4EFC-8510-40001FCCEC9C}.Debug|Any CPU.Build.0 = Debug|Any CPU
		{A829FD16-7A58-4EFC-8510-40001FCCEC9C}.Release|Any CPU.ActiveCfg = Release|Any CPU
		{A829FD16-7A58-4EFC-8510-40001FCCEC9C}.Release|Any CPU.Build.0 = Release|Any CPU
	EndGlobalSection
	GlobalSection(SolutionProperties) = preSolution
		HideSolutionNode = FALSE
	EndGlobalSection
EndGlobal
